
Microsoft Visual Studio Solution File, Format Version 12.00
# Visual Studio Version 17
VisualStudioVersion = 17.14.36429.23 d17.14
MinimumVisualStudioVersion = 10.0.40219.1
Project("{FAE04EC0-301F-11D3-BF4B-00C04F79EFBC}") = "CIS153FinalProjectConnectFour", "WindowsFormsApp1\CIS153FinalProjectConnectFour.csproj", "{50A58A40-39F4-4DB7-9CD5-01A65AA2DB1C}"
EndProject
Global
	GlobalSection(SolutionConfigurationPlatforms) = preSolution
		Debug|Any CPU = Debug|Any CPU
		Release|Any CPU = Release|Any CPU
	EndGlobalSection
	GlobalSection(ProjectConfigurationPlatforms) = postSolution
		{50A58A40-39F4-4DB7-9CD5-01A65AA2DB1C}.Debug|Any CPU.ActiveCfg = Debug|Any CPU
		{50A58A40-39F4-4DB7-9CD5-01A65AA2DB1C}.Debug|Any CPU.Build.0 = Debug|Any CPU
		{50A58A40-39F4-4DB7-9CD5-01A65AA2DB1C}.Release|Any CPU.ActiveCfg = Release|Any CPU
		{50A58A40-39F4-4DB7-9CD5-01A65AA2DB1C}.Release|Any CPU.Build.0 = Release|Any CPU
	EndGlobalSection
	GlobalSection(SolutionProperties) = preSolution
		HideSolutionNode = FALSE
	EndGlobalSection
	GlobalSection(ExtensibilityGlobals) = postSolution
		SolutionGuid = {AB983565-3912-4AA6-A680-5F0ED75DC098}
	EndGlobalSection
EndGlobal
